// !$*UTF8*$!
{
	archiveVersion = 1;
	classes = {
	};
	objectVersion = 50;
	objects = {

/* Begin PBXBuildFile section */
		020380D22176FE3C00891103 /* AppDelegate.swift in Sources */ = {isa = PBXBuildFile; fileRef = 020380D12176FE3C00891103 /* AppDelegate.swift */; };
		020380D42176FE3C00891103 /* RootViewController.swift in Sources */ = {isa = PBXBuildFile; fileRef = 020380D32176FE3C00891103 /* RootViewController.swift */; };
		020380D72176FE3C00891103 /* Main.storyboard in Resources */ = {isa = PBXBuildFile; fileRef = 020380D52176FE3C00891103 /* Main.storyboard */; };
		020380D92176FE3D00891103 /* Assets.xcassets in Resources */ = {isa = PBXBuildFile; fileRef = 020380D82176FE3D00891103 /* Assets.xcassets */; };
		020380DC2176FE3D00891103 /* LaunchScreen.storyboard in Resources */ = {isa = PBXBuildFile; fileRef = 020380DA2176FE3D00891103 /* LaunchScreen.storyboard */; };
		020380E72176FE3D00891103 /* TMCategoryTests.swift in Sources */ = {isa = PBXBuildFile; fileRef = 020380E62176FE3D00891103 /* TMCategoryTests.swift */; };
		020380F22176FE3D00891103 /* TMCategoryUITests.swift in Sources */ = {isa = PBXBuildFile; fileRef = 020380F12176FE3D00891103 /* TMCategoryUITests.swift */; };
		02038103217717CF00891103 /* UIViewExtensions.swift in Sources */ = {isa = PBXBuildFile; fileRef = 02038102217717CF00891103 /* UIViewExtensions.swift */; };
		0203810721771CA100891103 /* CategoryTableViewCell.swift in Sources */ = {isa = PBXBuildFile; fileRef = 0203810621771CA100891103 /* CategoryTableViewCell.swift */; };
		0203810921771DA200891103 /* CategoryTableViewCell.xib in Resources */ = {isa = PBXBuildFile; fileRef = 0203810821771DA200891103 /* CategoryTableViewCell.xib */; };
		0203810C2177215000891103 /* CategoryViewModel.swift in Sources */ = {isa = PBXBuildFile; fileRef = 0203810B2177215000891103 /* CategoryViewModel.swift */; };
		0203811A2177242700891103 /* UIFontExtensions.swift in Sources */ = {isa = PBXBuildFile; fileRef = 020381192177242700891103 /* UIFontExtensions.swift */; };
		0203811B2177286200891103 /* TitilliumWeb-Black.ttf in Resources */ = {isa = PBXBuildFile; fileRef = 02038113217722A700891103 /* TitilliumWeb-Black.ttf */; };
		0203811C2177286500891103 /* TitilliumWeb-Bold.ttf in Resources */ = {isa = PBXBuildFile; fileRef = 02038114217722A700891103 /* TitilliumWeb-Bold.ttf */; };
		0203811D2177286700891103 /* TitilliumWeb-BoldItalic.ttf in Resources */ = {isa = PBXBuildFile; fileRef = 02038118217722A700891103 /* TitilliumWeb-BoldItalic.ttf */; };
		0203811E2177286A00891103 /* TitilliumWeb-ExtraLight.ttf in Resources */ = {isa = PBXBuildFile; fileRef = 0203810E217722A600891103 /* TitilliumWeb-ExtraLight.ttf */; };
		0203811F2177286D00891103 /* TitilliumWeb-ExtraLightItalic.ttf in Resources */ = {isa = PBXBuildFile; fileRef = 02038112217722A700891103 /* TitilliumWeb-ExtraLightItalic.ttf */; };
		020381202177287000891103 /* TitilliumWeb-Italic.ttf in Resources */ = {isa = PBXBuildFile; fileRef = 02038117217722A700891103 /* TitilliumWeb-Italic.ttf */; };
		020381212177287300891103 /* TitilliumWeb-Light.ttf in Resources */ = {isa = PBXBuildFile; fileRef = 02038115217722A700891103 /* TitilliumWeb-Light.ttf */; };
		020381222177287700891103 /* TitilliumWeb-LightItalic.ttf in Resources */ = {isa = PBXBuildFile; fileRef = 02038116217722A700891103 /* TitilliumWeb-LightItalic.ttf */; };
		020381232177287900891103 /* TitilliumWeb-Regular.ttf in Resources */ = {isa = PBXBuildFile; fileRef = 02038110217722A600891103 /* TitilliumWeb-Regular.ttf */; };
		020381242177287C00891103 /* TitilliumWeb-SemiBold.ttf in Resources */ = {isa = PBXBuildFile; fileRef = 02038111217722A700891103 /* TitilliumWeb-SemiBold.ttf */; };
		020381252177287E00891103 /* TitilliumWeb-SemiBoldItalic.ttf in Resources */ = {isa = PBXBuildFile; fileRef = 0203810F217722A600891103 /* TitilliumWeb-SemiBoldItalic.ttf */; };
		02038127217736AE00891103 /* ProductsViewController.swift in Sources */ = {isa = PBXBuildFile; fileRef = 02038126217736AE00891103 /* ProductsViewController.swift */; };
		0203812A2177393100891103 /* Category.swift in Sources */ = {isa = PBXBuildFile; fileRef = 020381292177393100891103 /* Category.swift */; };
		02341D9221792EAC00D9CB5D /* Product.swift in Sources */ = {isa = PBXBuildFile; fileRef = 02341D9121792EAC00D9CB5D /* Product.swift */; };
		02341D942179301500D9CB5D /* ProductList.swift in Sources */ = {isa = PBXBuildFile; fileRef = 02341D932179301500D9CB5D /* ProductList.swift */; };
		02341D9621793CC500D9CB5D /* ProductsNetworkModel.swift in Sources */ = {isa = PBXBuildFile; fileRef = 02341D9521793CC500D9CB5D /* ProductsNetworkModel.swift */; };
		024CA31321780E3F000DE81B /* Router.swift in Sources */ = {isa = PBXBuildFile; fileRef = 024CA31221780E3F000DE81B /* Router.swift */; };
		024CA31521781250000DE81B /* CategoryClient.swift in Sources */ = {isa = PBXBuildFile; fileRef = 024CA31421781250000DE81B /* CategoryClient.swift */; };
		024CA31721781B58000DE81B /* BaseClient.swift in Sources */ = {isa = PBXBuildFile; fileRef = 024CA31621781B58000DE81B /* BaseClient.swift */; };
		028CFA6121786BEF00BFDB6F /* fontawesome-webfont.ttf in Resources */ = {isa = PBXBuildFile; fileRef = 028CFA6021786BEF00BFDB6F /* fontawesome-webfont.ttf */; };
		02B6B19E21787E0D005AB13E /* ApiConfig.swift in Sources */ = {isa = PBXBuildFile; fileRef = 02B6B19D21787E0D005AB13E /* ApiConfig.swift */; };
		02B6B1A021787FF9005AB13E /* SandBoxApiConfig.swift in Sources */ = {isa = PBXBuildFile; fileRef = 02B6B19F21787FF9005AB13E /* SandBoxApiConfig.swift */; };
		08A9E72E2B84D333D2C574F0 /* Pods_TMCategoryTests.framework in Frameworks */ = {isa = PBXBuildFile; fileRef = 6E8B1E64B237C0B9E30BB02C /* Pods_TMCategoryTests.framework */; };
		CB90E34ED4199B6708242F87 /* Pods_TMCategoryUITests.framework in Frameworks */ = {isa = PBXBuildFile; fileRef = 84FDD760301F6AF580FDE847 /* Pods_TMCategoryUITests.framework */; };
		E903546321F63D6635D76614 /* Pods_TMCategory.framework in Frameworks */ = {isa = PBXBuildFile; fileRef = ED82086B85C982B9F06E9813 /* Pods_TMCategory.framework */; };
/* End PBXBuildFile section */

/* Begin PBXContainerItemProxy section */
		020380E32176FE3D00891103 /* PBXContainerItemProxy */ = {
			isa = PBXContainerItemProxy;
			containerPortal = 020380C62176FE3C00891103 /* Project object */;
			proxyType = 1;
			remoteGlobalIDString = 020380CD2176FE3C00891103;
			remoteInfo = TMCategory;
		};
		020380EE2176FE3D00891103 /* PBXContainerItemProxy */ = {
			isa = PBXContainerItemProxy;
			containerPortal = 020380C62176FE3C00891103 /* Project object */;
			proxyType = 1;
			remoteGlobalIDString = 020380CD2176FE3C00891103;
			remoteInfo = TMCategory;
		};
/* End PBXContainerItemProxy section */

/* Begin PBXFileReference section */
		01BBA55B683E3F437DC7FD17 /* Pods-TMCategoryUITests.release.xcconfig */ = {isa = PBXFileReference; includeInIndex = 1; lastKnownFileType = text.xcconfig; name = "Pods-TMCategoryUITests.release.xcconfig"; path = "Pods/Target Support Files/Pods-TMCategoryUITests/Pods-TMCategoryUITests.release.xcconfig"; sourceTree = "<group>"; };
		020380CE2176FE3C00891103 /* TMCategory.app */ = {isa = PBXFileReference; explicitFileType = wrapper.application; includeInIndex = 0; path = TMCategory.app; sourceTree = BUILT_PRODUCTS_DIR; };
		020380D12176FE3C00891103 /* AppDelegate.swift */ = {isa = PBXFileReference; lastKnownFileType = sourcecode.swift; path = AppDelegate.swift; sourceTree = "<group>"; };
		020380D32176FE3C00891103 /* RootViewController.swift */ = {isa = PBXFileReference; lastKnownFileType = sourcecode.swift; path = RootViewController.swift; sourceTree = "<group>"; };
		020380D62176FE3C00891103 /* Base */ = {isa = PBXFileReference; lastKnownFileType = file.storyboard; name = Base; path = Base.lproj/Main.storyboard; sourceTree = "<group>"; };
		020380D82176FE3D00891103 /* Assets.xcassets */ = {isa = PBXFileReference; lastKnownFileType = folder.assetcatalog; path = Assets.xcassets; sourceTree = "<group>"; };
		020380DB2176FE3D00891103 /* Base */ = {isa = PBXFileReference; lastKnownFileType = file.storyboard; name = Base; path = Base.lproj/LaunchScreen.storyboard; sourceTree = "<group>"; };
		020380DD2176FE3D00891103 /* Info.plist */ = {isa = PBXFileReference; lastKnownFileType = text.plist.xml; path = Info.plist; sourceTree = "<group>"; };
		020380E22176FE3D00891103 /* TMCategoryTests.xctest */ = {isa = PBXFileReference; explicitFileType = wrapper.cfbundle; includeInIndex = 0; path = TMCategoryTests.xctest; sourceTree = BUILT_PRODUCTS_DIR; };
		020380E62176FE3D00891103 /* TMCategoryTests.swift */ = {isa = PBXFileReference; lastKnownFileType = sourcecode.swift; path = TMCategoryTests.swift; sourceTree = "<group>"; };
		020380E82176FE3D00891103 /* Info.plist */ = {isa = PBXFileReference; lastKnownFileType = text.plist.xml; path = Info.plist; sourceTree = "<group>"; };
		020380ED2176FE3D00891103 /* TMCategoryUITests.xctest */ = {isa = PBXFileReference; explicitFileType = wrapper.cfbundle; includeInIndex = 0; path = TMCategoryUITests.xctest; sourceTree = BUILT_PRODUCTS_DIR; };
		020380F12176FE3D00891103 /* TMCategoryUITests.swift */ = {isa = PBXFileReference; lastKnownFileType = sourcecode.swift; path = TMCategoryUITests.swift; sourceTree = "<group>"; };
		020380F32176FE3D00891103 /* Info.plist */ = {isa = PBXFileReference; lastKnownFileType = text.plist.xml; path = Info.plist; sourceTree = "<group>"; };
		02038102217717CF00891103 /* UIViewExtensions.swift */ = {isa = PBXFileReference; lastKnownFileType = sourcecode.swift; path = UIViewExtensions.swift; sourceTree = "<group>"; };
		0203810621771CA100891103 /* CategoryTableViewCell.swift */ = {isa = PBXFileReference; lastKnownFileType = sourcecode.swift; path = CategoryTableViewCell.swift; sourceTree = "<group>"; };
		0203810821771DA200891103 /* CategoryTableViewCell.xib */ = {isa = PBXFileReference; lastKnownFileType = file.xib; path = CategoryTableViewCell.xib; sourceTree = "<group>"; };
		0203810B2177215000891103 /* CategoryViewModel.swift */ = {isa = PBXFileReference; lastKnownFileType = sourcecode.swift; path = CategoryViewModel.swift; sourceTree = "<group>"; };
		0203810E217722A600891103 /* TitilliumWeb-ExtraLight.ttf */ = {isa = PBXFileReference; lastKnownFileType = file; path = "TitilliumWeb-ExtraLight.ttf"; sourceTree = "<group>"; };
		0203810F217722A600891103 /* TitilliumWeb-SemiBoldItalic.ttf */ = {isa = PBXFileReference; lastKnownFileType = file; path = "TitilliumWeb-SemiBoldItalic.ttf"; sourceTree = "<group>"; };
		02038110217722A600891103 /* TitilliumWeb-Regular.ttf */ = {isa = PBXFileReference; lastKnownFileType = file; path = "TitilliumWeb-Regular.ttf"; sourceTree = "<group>"; };
		02038111217722A700891103 /* TitilliumWeb-SemiBold.ttf */ = {isa = PBXFileReference; lastKnownFileType = file; path = "TitilliumWeb-SemiBold.ttf"; sourceTree = "<group>"; };
		02038112217722A700891103 /* TitilliumWeb-ExtraLightItalic.ttf */ = {isa = PBXFileReference; lastKnownFileType = file; path = "TitilliumWeb-ExtraLightItalic.ttf"; sourceTree = "<group>"; };
		02038113217722A700891103 /* TitilliumWeb-Black.ttf */ = {isa = PBXFileReference; lastKnownFileType = file; path = "TitilliumWeb-Black.ttf"; sourceTree = "<group>"; };
		02038114217722A700891103 /* TitilliumWeb-Bold.ttf */ = {isa = PBXFileReference; lastKnownFileType = file; path = "TitilliumWeb-Bold.ttf"; sourceTree = "<group>"; };
		02038115217722A700891103 /* TitilliumWeb-Light.ttf */ = {isa = PBXFileReference; lastKnownFileType = file; path = "TitilliumWeb-Light.ttf"; sourceTree = "<group>"; };
		02038116217722A700891103 /* TitilliumWeb-LightItalic.ttf */ = {isa = PBXFileReference; lastKnownFileType = file; path = "TitilliumWeb-LightItalic.ttf"; sourceTree = "<group>"; };
		02038117217722A700891103 /* TitilliumWeb-Italic.ttf */ = {isa = PBXFileReference; lastKnownFileType = file; path = "TitilliumWeb-Italic.ttf"; sourceTree = "<group>"; };
		02038118217722A700891103 /* TitilliumWeb-BoldItalic.ttf */ = {isa = PBXFileReference; lastKnownFileType = file; path = "TitilliumWeb-BoldItalic.ttf"; sourceTree = "<group>"; };
		020381192177242700891103 /* UIFontExtensions.swift */ = {isa = PBXFileReference; lastKnownFileType = sourcecode.swift; path = UIFontExtensions.swift; sourceTree = "<group>"; };
		02038126217736AE00891103 /* ProductsViewController.swift */ = {isa = PBXFileReference; lastKnownFileType = sourcecode.swift; path = ProductsViewController.swift; sourceTree = "<group>"; };
		020381292177393100891103 /* Category.swift */ = {isa = PBXFileReference; lastKnownFileType = sourcecode.swift; path = Category.swift; sourceTree = "<group>"; };
		02341D9121792EAC00D9CB5D /* Product.swift */ = {isa = PBXFileReference; lastKnownFileType = sourcecode.swift; path = Product.swift; sourceTree = "<group>"; };
		02341D932179301500D9CB5D /* ProductList.swift */ = {isa = PBXFileReference; lastKnownFileType = sourcecode.swift; path = ProductList.swift; sourceTree = "<group>"; };
		02341D9521793CC500D9CB5D /* ProductsNetworkModel.swift */ = {isa = PBXFileReference; lastKnownFileType = sourcecode.swift; path = ProductsNetworkModel.swift; sourceTree = "<group>"; };
		024CA31221780E3F000DE81B /* Router.swift */ = {isa = PBXFileReference; lastKnownFileType = sourcecode.swift; path = Router.swift; sourceTree = "<group>"; };
		024CA31421781250000DE81B /* CategoryClient.swift */ = {isa = PBXFileReference; lastKnownFileType = sourcecode.swift; path = CategoryClient.swift; sourceTree = "<group>"; };
		024CA31621781B58000DE81B /* BaseClient.swift */ = {isa = PBXFileReference; lastKnownFileType = sourcecode.swift; path = BaseClient.swift; sourceTree = "<group>"; };
		028CFA6021786BEF00BFDB6F /* fontawesome-webfont.ttf */ = {isa = PBXFileReference; lastKnownFileType = file; path = "fontawesome-webfont.ttf"; sourceTree = "<group>"; };
		02B6B19D21787E0D005AB13E /* ApiConfig.swift */ = {isa = PBXFileReference; lastKnownFileType = sourcecode.swift; path = ApiConfig.swift; sourceTree = "<group>"; };
		02B6B19F21787FF9005AB13E /* SandBoxApiConfig.swift */ = {isa = PBXFileReference; lastKnownFileType = sourcecode.swift; path = SandBoxApiConfig.swift; sourceTree = "<group>"; };
		03885F6251D3A757C9489BCF /* Pods-TMCategoryTests.debug.xcconfig */ = {isa = PBXFileReference; includeInIndex = 1; lastKnownFileType = text.xcconfig; name = "Pods-TMCategoryTests.debug.xcconfig"; path = "Pods/Target Support Files/Pods-TMCategoryTests/Pods-TMCategoryTests.debug.xcconfig"; sourceTree = "<group>"; };
		6E8B1E64B237C0B9E30BB02C /* Pods_TMCategoryTests.framework */ = {isa = PBXFileReference; explicitFileType = wrapper.framework; includeInIndex = 0; path = Pods_TMCategoryTests.framework; sourceTree = BUILT_PRODUCTS_DIR; };
		84FDD760301F6AF580FDE847 /* Pods_TMCategoryUITests.framework */ = {isa = PBXFileReference; explicitFileType = wrapper.framework; includeInIndex = 0; path = Pods_TMCategoryUITests.framework; sourceTree = BUILT_PRODUCTS_DIR; };
		8B9D56DF55EF2C8326540BBF /* Pods-TMCategoryTests.release.xcconfig */ = {isa = PBXFileReference; includeInIndex = 1; lastKnownFileType = text.xcconfig; name = "Pods-TMCategoryTests.release.xcconfig"; path = "Pods/Target Support Files/Pods-TMCategoryTests/Pods-TMCategoryTests.release.xcconfig"; sourceTree = "<group>"; };
		ADB527ED451C71ADCAADEBCA /* Pods-TMCategory.debug.xcconfig */ = {isa = PBXFileReference; includeInIndex = 1; lastKnownFileType = text.xcconfig; name = "Pods-TMCategory.debug.xcconfig"; path = "Pods/Target Support Files/Pods-TMCategory/Pods-TMCategory.debug.xcconfig"; sourceTree = "<group>"; };
		CD4AB612F09C21FF6869563E /* Pods-TMCategoryUITests.debug.xcconfig */ = {isa = PBXFileReference; includeInIndex = 1; lastKnownFileType = text.xcconfig; name = "Pods-TMCategoryUITests.debug.xcconfig"; path = "Pods/Target Support Files/Pods-TMCategoryUITests/Pods-TMCategoryUITests.debug.xcconfig"; sourceTree = "<group>"; };
		ED82086B85C982B9F06E9813 /* Pods_TMCategory.framework */ = {isa = PBXFileReference; explicitFileType = wrapper.framework; includeInIndex = 0; path = Pods_TMCategory.framework; sourceTree = BUILT_PRODUCTS_DIR; };
		EEA8270D90D404AB58A2EE8C /* Pods-TMCategory.release.xcconfig */ = {isa = PBXFileReference; includeInIndex = 1; lastKnownFileType = text.xcconfig; name = "Pods-TMCategory.release.xcconfig"; path = "Pods/Target Support Files/Pods-TMCategory/Pods-TMCategory.release.xcconfig"; sourceTree = "<group>"; };
/* End PBXFileReference section */

/* Begin PBXFrameworksBuildPhase section */
		020380CB2176FE3C00891103 /* Frameworks */ = {
			isa = PBXFrameworksBuildPhase;
			buildActionMask = 2147483647;
			files = (
				E903546321F63D6635D76614 /* Pods_TMCategory.framework in Frameworks */,
			);
			runOnlyForDeploymentPostprocessing = 0;
		};
		020380DF2176FE3D00891103 /* Frameworks */ = {
			isa = PBXFrameworksBuildPhase;
			buildActionMask = 2147483647;
			files = (
				08A9E72E2B84D333D2C574F0 /* Pods_TMCategoryTests.framework in Frameworks */,
			);
			runOnlyForDeploymentPostprocessing = 0;
		};
		020380EA2176FE3D00891103 /* Frameworks */ = {
			isa = PBXFrameworksBuildPhase;
			buildActionMask = 2147483647;
			files = (
				CB90E34ED4199B6708242F87 /* Pods_TMCategoryUITests.framework in Frameworks */,
			);
			runOnlyForDeploymentPostprocessing = 0;
		};
/* End PBXFrameworksBuildPhase section */

/* Begin PBXGroup section */
		020380C52176FE3C00891103 = {
			isa = PBXGroup;
			children = (
				020380D02176FE3C00891103 /* TMCategory */,
				020380E52176FE3D00891103 /* TMCategoryTests */,
				020380F02176FE3D00891103 /* TMCategoryUITests */,
				020380CF2176FE3C00891103 /* Products */,
				7D0E16AA67F4EAFF7173A6D6 /* Pods */,
				9ECF1593FD532FEB6D5687A8 /* Frameworks */,
			);
			sourceTree = "<group>";
		};
		020380CF2176FE3C00891103 /* Products */ = {
			isa = PBXGroup;
			children = (
				020380CE2176FE3C00891103 /* TMCategory.app */,
				020380E22176FE3D00891103 /* TMCategoryTests.xctest */,
				020380ED2176FE3D00891103 /* TMCategoryUITests.xctest */,
			);
			name = Products;
			sourceTree = "<group>";
		};
		020380D02176FE3C00891103 /* TMCategory */ = {
			isa = PBXGroup;
			children = (
				02038100217710E800891103 /* Resources */,
				020380FF217710D300891103 /* Classes */,
				020380D52176FE3C00891103 /* Main.storyboard */,
				020380DA2176FE3D00891103 /* LaunchScreen.storyboard */,
				020380DD2176FE3D00891103 /* Info.plist */,
			);
			path = TMCategory;
			sourceTree = "<group>";
		};
		020380E52176FE3D00891103 /* TMCategoryTests */ = {
			isa = PBXGroup;
			children = (
				020380E62176FE3D00891103 /* TMCategoryTests.swift */,
				020380E82176FE3D00891103 /* Info.plist */,
			);
			path = TMCategoryTests;
			sourceTree = "<group>";
		};
		020380F02176FE3D00891103 /* TMCategoryUITests */ = {
			isa = PBXGroup;
			children = (
				020380F12176FE3D00891103 /* TMCategoryUITests.swift */,
				020380F32176FE3D00891103 /* Info.plist */,
			);
			path = TMCategoryUITests;
			sourceTree = "<group>";
		};
		020380FF217710D300891103 /* Classes */ = {
			isa = PBXGroup;
			children = (
				02B6B19C21787DE3005AB13E /* Configurations */,
				024CA31121780DD8000DE81B /* HttpClients */,
				020381282177391400891103 /* Models */,
				0203810A2177212A00891103 /* ViewModels */,
				0203810521771BF000891103 /* Views */,
				0203810421771BE400891103 /* ViewControllers */,
				02038101217717B000891103 /* Extensions */,
				020380D12176FE3C00891103 /* AppDelegate.swift */,
			);
			path = Classes;
			sourceTree = "<group>";
		};
		02038100217710E800891103 /* Resources */ = {
			isa = PBXGroup;
			children = (
				0203810D2177228D00891103 /* Fonts */,
				020380D82176FE3D00891103 /* Assets.xcassets */,
			);
			path = Resources;
			sourceTree = "<group>";
		};
		02038101217717B000891103 /* Extensions */ = {
			isa = PBXGroup;
			children = (
				02038102217717CF00891103 /* UIViewExtensions.swift */,
				020381192177242700891103 /* UIFontExtensions.swift */,
			);
			path = Extensions;
			sourceTree = "<group>";
		};
		0203810421771BE400891103 /* ViewControllers */ = {
			isa = PBXGroup;
			children = (
				020380D32176FE3C00891103 /* RootViewController.swift */,
				02038126217736AE00891103 /* ProductsViewController.swift */,
			);
			path = ViewControllers;
			sourceTree = "<group>";
		};
		0203810521771BF000891103 /* Views */ = {
			isa = PBXGroup;
			children = (
				0203810621771CA100891103 /* CategoryTableViewCell.swift */,
				0203810821771DA200891103 /* CategoryTableViewCell.xib */,
			);
			path = Views;
			sourceTree = "<group>";
		};
		0203810A2177212A00891103 /* ViewModels */ = {
			isa = PBXGroup;
			children = (
				0203810B2177215000891103 /* CategoryViewModel.swift */,
			);
			path = ViewModels;
			sourceTree = "<group>";
		};
		0203810D2177228D00891103 /* Fonts */ = {
			isa = PBXGroup;
			children = (
				028CFA6021786BEF00BFDB6F /* fontawesome-webfont.ttf */,
				02038113217722A700891103 /* TitilliumWeb-Black.ttf */,
				02038114217722A700891103 /* TitilliumWeb-Bold.ttf */,
				02038118217722A700891103 /* TitilliumWeb-BoldItalic.ttf */,
				0203810E217722A600891103 /* TitilliumWeb-ExtraLight.ttf */,
				02038112217722A700891103 /* TitilliumWeb-ExtraLightItalic.ttf */,
				02038117217722A700891103 /* TitilliumWeb-Italic.ttf */,
				02038115217722A700891103 /* TitilliumWeb-Light.ttf */,
				02038116217722A700891103 /* TitilliumWeb-LightItalic.ttf */,
				02038110217722A600891103 /* TitilliumWeb-Regular.ttf */,
				02038111217722A700891103 /* TitilliumWeb-SemiBold.ttf */,
				0203810F217722A600891103 /* TitilliumWeb-SemiBoldItalic.ttf */,
			);
			path = Fonts;
			sourceTree = "<group>";
		};
		020381282177391400891103 /* Models */ = {
			isa = PBXGroup;
			children = (
				020381292177393100891103 /* Category.swift */,
				02341D9121792EAC00D9CB5D /* Product.swift */,
				02341D932179301500D9CB5D /* ProductList.swift */,
			);
			path = Models;
			sourceTree = "<group>";
		};
		024CA31121780DD8000DE81B /* HttpClients */ = {
			isa = PBXGroup;
			children = (
				024CA31221780E3F000DE81B /* Router.swift */,
				024CA31421781250000DE81B /* CategoryClient.swift */,
				024CA31621781B58000DE81B /* BaseClient.swift */,
				02341D9521793CC500D9CB5D /* ProductsNetworkModel.swift */,
			);
			path = HttpClients;
			sourceTree = "<group>";
		};
		02B6B19C21787DE3005AB13E /* Configurations */ = {
			isa = PBXGroup;
			children = (
				02B6B19D21787E0D005AB13E /* ApiConfig.swift */,
				02B6B19F21787FF9005AB13E /* SandBoxApiConfig.swift */,
			);
			path = Configurations;
			sourceTree = "<group>";
		};
		7D0E16AA67F4EAFF7173A6D6 /* Pods */ = {
			isa = PBXGroup;
			children = (
				ADB527ED451C71ADCAADEBCA /* Pods-TMCategory.debug.xcconfig */,
				EEA8270D90D404AB58A2EE8C /* Pods-TMCategory.release.xcconfig */,
				03885F6251D3A757C9489BCF /* Pods-TMCategoryTests.debug.xcconfig */,
				8B9D56DF55EF2C8326540BBF /* Pods-TMCategoryTests.release.xcconfig */,
				CD4AB612F09C21FF6869563E /* Pods-TMCategoryUITests.debug.xcconfig */,
				01BBA55B683E3F437DC7FD17 /* Pods-TMCategoryUITests.release.xcconfig */,
			);
			name = Pods;
			sourceTree = "<group>";
		};
		9ECF1593FD532FEB6D5687A8 /* Frameworks */ = {
			isa = PBXGroup;
			children = (
				ED82086B85C982B9F06E9813 /* Pods_TMCategory.framework */,
				6E8B1E64B237C0B9E30BB02C /* Pods_TMCategoryTests.framework */,
				84FDD760301F6AF580FDE847 /* Pods_TMCategoryUITests.framework */,
			);
			name = Frameworks;
			sourceTree = "<group>";
		};
/* End PBXGroup section */

/* Begin PBXNativeTarget section */
		020380CD2176FE3C00891103 /* TMCategory */ = {
			isa = PBXNativeTarget;
			buildConfigurationList = 020380F62176FE3D00891103 /* Build configuration list for PBXNativeTarget "TMCategory" */;
			buildPhases = (
				F871E91C0D2E7661128C9079 /* [CP] Check Pods Manifest.lock */,
				020380CA2176FE3C00891103 /* Sources */,
				020380CB2176FE3C00891103 /* Frameworks */,
				020380CC2176FE3C00891103 /* Resources */,
				C8A609D4479A485377E36909 /* [CP] Embed Pods Frameworks */,
			);
			buildRules = (
			);
			dependencies = (
			);
			name = TMCategory;
			productName = TMCategory;
			productReference = 020380CE2176FE3C00891103 /* TMCategory.app */;
			productType = "com.apple.product-type.application";
		};
		020380E12176FE3D00891103 /* TMCategoryTests */ = {
			isa = PBXNativeTarget;
			buildConfigurationList = 020380F92176FE3D00891103 /* Build configuration list for PBXNativeTarget "TMCategoryTests" */;
			buildPhases = (
				9FB65B58CF315D385FE7FA11 /* [CP] Check Pods Manifest.lock */,
				020380DE2176FE3D00891103 /* Sources */,
				020380DF2176FE3D00891103 /* Frameworks */,
				020380E02176FE3D00891103 /* Resources */,
			);
			buildRules = (
			);
			dependencies = (
				020380E42176FE3D00891103 /* PBXTargetDependency */,
			);
			name = TMCategoryTests;
			productName = TMCategoryTests;
			productReference = 020380E22176FE3D00891103 /* TMCategoryTests.xctest */;
			productType = "com.apple.product-type.bundle.unit-test";
		};
		020380EC2176FE3D00891103 /* TMCategoryUITests */ = {
			isa = PBXNativeTarget;
			buildConfigurationList = 020380FC2176FE3D00891103 /* Build configuration list for PBXNativeTarget "TMCategoryUITests" */;
			buildPhases = (
				28951F133DB2ABD19C524995 /* [CP] Check Pods Manifest.lock */,
				020380E92176FE3D00891103 /* Sources */,
				020380EA2176FE3D00891103 /* Frameworks */,
				020380EB2176FE3D00891103 /* Resources */,
			);
			buildRules = (
			);
			dependencies = (
				020380EF2176FE3D00891103 /* PBXTargetDependency */,
			);
			name = TMCategoryUITests;
			productName = TMCategoryUITests;
			productReference = 020380ED2176FE3D00891103 /* TMCategoryUITests.xctest */;
			productType = "com.apple.product-type.bundle.ui-testing";
		};
/* End PBXNativeTarget section */

/* Begin PBXProject section */
		020380C62176FE3C00891103 /* Project object */ = {
			isa = PBXProject;
			attributes = {
				LastSwiftUpdateCheck = 1000;
				LastUpgradeCheck = 1000;
				ORGANIZATIONNAME = DevWithLove.com;
				TargetAttributes = {
					020380CD2176FE3C00891103 = {
						CreatedOnToolsVersion = 10.0;
					};
					020380E12176FE3D00891103 = {
						CreatedOnToolsVersion = 10.0;
						TestTargetID = 020380CD2176FE3C00891103;
					};
					020380EC2176FE3D00891103 = {
						CreatedOnToolsVersion = 10.0;
						TestTargetID = 020380CD2176FE3C00891103;
					};
				};
			};
			buildConfigurationList = 020380C92176FE3C00891103 /* Build configuration list for PBXProject "TMCategory" */;
			compatibilityVersion = "Xcode 9.3";
			developmentRegion = en;
			hasScannedForEncodings = 0;
			knownRegions = (
				en,
				Base,
			);
			mainGroup = 020380C52176FE3C00891103;
			productRefGroup = 020380CF2176FE3C00891103 /* Products */;
			projectDirPath = "";
			projectRoot = "";
			targets = (
				020380CD2176FE3C00891103 /* TMCategory */,
				020380E12176FE3D00891103 /* TMCategoryTests */,
				020380EC2176FE3D00891103 /* TMCategoryUITests */,
			);
		};
/* End PBXProject section */

/* Begin PBXResourcesBuildPhase section */
		020380CC2176FE3C00891103 /* Resources */ = {
			isa = PBXResourcesBuildPhase;
			buildActionMask = 2147483647;
			files = (
				0203811C2177286500891103 /* TitilliumWeb-Bold.ttf in Resources */,
				0203811B2177286200891103 /* TitilliumWeb-Black.ttf in Resources */,
				020380DC2176FE3D00891103 /* LaunchScreen.storyboard in Resources */,
				020381232177287900891103 /* TitilliumWeb-Regular.ttf in Resources */,
				020381202177287000891103 /* TitilliumWeb-Italic.ttf in Resources */,
				0203811E2177286A00891103 /* TitilliumWeb-ExtraLight.ttf in Resources */,
				0203811D2177286700891103 /* TitilliumWeb-BoldItalic.ttf in Resources */,
				020380D92176FE3D00891103 /* Assets.xcassets in Resources */,
				020381242177287C00891103 /* TitilliumWeb-SemiBold.ttf in Resources */,
				020381252177287E00891103 /* TitilliumWeb-SemiBoldItalic.ttf in Resources */,
				020380D72176FE3C00891103 /* Main.storyboard in Resources */,
				020381212177287300891103 /* TitilliumWeb-Light.ttf in Resources */,
				0203811F2177286D00891103 /* TitilliumWeb-ExtraLightItalic.ttf in Resources */,
				028CFA6121786BEF00BFDB6F /* fontawesome-webfont.ttf in Resources */,
				020381222177287700891103 /* TitilliumWeb-LightItalic.ttf in Resources */,
				0203810921771DA200891103 /* CategoryTableViewCell.xib in Resources */,
			);
			runOnlyForDeploymentPostprocessing = 0;
		};
		020380E02176FE3D00891103 /* Resources */ = {
			isa = PBXResourcesBuildPhase;
			buildActionMask = 2147483647;
			files = (
			);
			runOnlyForDeploymentPostprocessing = 0;
		};
		020380EB2176FE3D00891103 /* Resources */ = {
			isa = PBXResourcesBuildPhase;
			buildActionMask = 2147483647;
			files = (
			);
			runOnlyForDeploymentPostprocessing = 0;
		};
/* End PBXResourcesBuildPhase section */

/* Begin PBXShellScriptBuildPhase section */
		28951F133DB2ABD19C524995 /* [CP] Check Pods Manifest.lock */ = {
			isa = PBXShellScriptBuildPhase;
			buildActionMask = 2147483647;
			files = (
			);
			inputPaths = (
				"${PODS_PODFILE_DIR_PATH}/Podfile.lock",
				"${PODS_ROOT}/Manifest.lock",
			);
			name = "[CP] Check Pods Manifest.lock";
			outputPaths = (
				"$(DERIVED_FILE_DIR)/Pods-TMCategoryUITests-checkManifestLockResult.txt",
			);
			runOnlyForDeploymentPostprocessing = 0;
			shellPath = /bin/sh;
			shellScript = "diff \"${PODS_PODFILE_DIR_PATH}/Podfile.lock\" \"${PODS_ROOT}/Manifest.lock\" > /dev/null\nif [ $? != 0 ] ; then\n    # print error to STDERR\n    echo \"error: The sandbox is not in sync with the Podfile.lock. Run 'pod install' or update your CocoaPods installation.\" >&2\n    exit 1\nfi\n# This output is used by Xcode 'outputs' to avoid re-running this script phase.\necho \"SUCCESS\" > \"${SCRIPT_OUTPUT_FILE_0}\"\n";
			showEnvVarsInLog = 0;
		};
		9FB65B58CF315D385FE7FA11 /* [CP] Check Pods Manifest.lock */ = {
			isa = PBXShellScriptBuildPhase;
			buildActionMask = 2147483647;
			files = (
			);
			inputPaths = (
				"${PODS_PODFILE_DIR_PATH}/Podfile.lock",
				"${PODS_ROOT}/Manifest.lock",
			);
			name = "[CP] Check Pods Manifest.lock";
			outputPaths = (
				"$(DERIVED_FILE_DIR)/Pods-TMCategoryTests-checkManifestLockResult.txt",
			);
			runOnlyForDeploymentPostprocessing = 0;
			shellPath = /bin/sh;
			shellScript = "diff \"${PODS_PODFILE_DIR_PATH}/Podfile.lock\" \"${PODS_ROOT}/Manifest.lock\" > /dev/null\nif [ $? != 0 ] ; then\n    # print error to STDERR\n    echo \"error: The sandbox is not in sync with the Podfile.lock. Run 'pod install' or update your CocoaPods installation.\" >&2\n    exit 1\nfi\n# This output is used by Xcode 'outputs' to avoid re-running this script phase.\necho \"SUCCESS\" > \"${SCRIPT_OUTPUT_FILE_0}\"\n";
			showEnvVarsInLog = 0;
		};
		C8A609D4479A485377E36909 /* [CP] Embed Pods Frameworks */ = {
			isa = PBXShellScriptBuildPhase;
			buildActionMask = 2147483647;
			files = (
			);
			inputPaths = (
				"${SRCROOT}/Pods/Target Support Files/Pods-TMCategory/Pods-TMCategory-frameworks.sh",
				"${BUILT_PRODUCTS_DIR}/Alamofire/Alamofire.framework",
				"${BUILT_PRODUCTS_DIR}/AlamofireObjectMapper/AlamofireObjectMapper.framework",
				"${BUILT_PRODUCTS_DIR}/ObjectMapper/ObjectMapper.framework",
				"${BUILT_PRODUCTS_DIR}/RxAlamofire/RxAlamofire.framework",
				"${BUILT_PRODUCTS_DIR}/RxCocoa/RxCocoa.framework",
				"${BUILT_PRODUCTS_DIR}/RxSwift/RxSwift.framework",
			);
			name = "[CP] Embed Pods Frameworks";
			outputPaths = (
				"${TARGET_BUILD_DIR}/${FRAMEWORKS_FOLDER_PATH}/Alamofire.framework",
				"${TARGET_BUILD_DIR}/${FRAMEWORKS_FOLDER_PATH}/AlamofireObjectMapper.framework",
				"${TARGET_BUILD_DIR}/${FRAMEWORKS_FOLDER_PATH}/ObjectMapper.framework",
				"${TARGET_BUILD_DIR}/${FRAMEWORKS_FOLDER_PATH}/RxAlamofire.framework",
				"${TARGET_BUILD_DIR}/${FRAMEWORKS_FOLDER_PATH}/RxCocoa.framework",
				"${TARGET_BUILD_DIR}/${FRAMEWORKS_FOLDER_PATH}/RxSwift.framework",
			);
			runOnlyForDeploymentPostprocessing = 0;
			shellPath = /bin/sh;
			shellScript = "\"${SRCROOT}/Pods/Target Support Files/Pods-TMCategory/Pods-TMCategory-frameworks.sh\"\n";
			showEnvVarsInLog = 0;
		};
		F871E91C0D2E7661128C9079 /* [CP] Check Pods Manifest.lock */ = {
			isa = PBXShellScriptBuildPhase;
			buildActionMask = 2147483647;
			files = (
			);
			inputPaths = (
				"${PODS_PODFILE_DIR_PATH}/Podfile.lock",
				"${PODS_ROOT}/Manifest.lock",
			);
			name = "[CP] Check Pods Manifest.lock";
			outputPaths = (
				"$(DERIVED_FILE_DIR)/Pods-TMCategory-checkManifestLockResult.txt",
			);
			runOnlyForDeploymentPostprocessing = 0;
			shellPath = /bin/sh;
			shellScript = "diff \"${PODS_PODFILE_DIR_PATH}/Podfile.lock\" \"${PODS_ROOT}/Manifest.lock\" > /dev/null\nif [ $? != 0 ] ; then\n    # print error to STDERR\n    echo \"error: The sandbox is not in sync with the Podfile.lock. Run 'pod install' or update your CocoaPods installation.\" >&2\n    exit 1\nfi\n# This output is used by Xcode 'outputs' to avoid re-running this script phase.\necho \"SUCCESS\" > \"${SCRIPT_OUTPUT_FILE_0}\"\n";
			showEnvVarsInLog = 0;
		};
/* End PBXShellScriptBuildPhase section */

/* Begin PBXSourcesBuildPhase section */
		020380CA2176FE3C00891103 /* Sources */ = {
			isa = PBXSourcesBuildPhase;
			buildActionMask = 2147483647;
			files = (
				02B6B1A021787FF9005AB13E /* SandBoxApiConfig.swift in Sources */,
				020380D42176FE3C00891103 /* RootViewController.swift in Sources */,
				0203810721771CA100891103 /* CategoryTableViewCell.swift in Sources */,
				0203811A2177242700891103 /* UIFontExtensions.swift in Sources */,
				02341D9621793CC500D9CB5D /* ProductsNetworkModel.swift in Sources */,
				0203810C2177215000891103 /* CategoryViewModel.swift in Sources */,
				024CA31721781B58000DE81B /* BaseClient.swift in Sources */,
				02341D942179301500D9CB5D /* ProductList.swift in Sources */,
				02B6B19E21787E0D005AB13E /* ApiConfig.swift in Sources */,
				024CA31521781250000DE81B /* CategoryClient.swift in Sources */,
				024CA31321780E3F000DE81B /* Router.swift in Sources */,
				02038127217736AE00891103 /* ProductsViewController.swift in Sources */,
				02038103217717CF00891103 /* UIViewExtensions.swift in Sources */,
				020380D22176FE3C00891103 /* AppDelegate.swift in Sources */,
				0203812A2177393100891103 /* Category.swift in Sources */,
				02341D9221792EAC00D9CB5D /* Product.swift in Sources */,
			);
			runOnlyForDeploymentPostprocessing = 0;
		};
		020380DE2176FE3D00891103 /* Sources */ = {
			isa = PBXSourcesBuildPhase;
			buildActionMask = 2147483647;
			files = (
				020380E72176FE3D00891103 /* TMCategoryTests.swift in Sources */,
			);
			runOnlyForDeploymentPostprocessing = 0;
		};
		020380E92176FE3D00891103 /* Sources */ = {
			isa = PBXSourcesBuildPhase;
			buildActionMask = 2147483647;
			files = (
				020380F22176FE3D00891103 /* TMCategoryUITests.swift in Sources */,
			);
			runOnlyForDeploymentPostprocessing = 0;
		};
/* End PBXSourcesBuildPhase section */

/* Begin PBXTargetDependency section */
		020380E42176FE3D00891103 /* PBXTargetDependency */ = {
			isa = PBXTargetDependency;
			target = 020380CD2176FE3C00891103 /* TMCategory */;
			targetProxy = 020380E32176FE3D00891103 /* PBXContainerItemProxy */;
		};
		020380EF2176FE3D00891103 /* PBXTargetDependency */ = {
			isa = PBXTargetDependency;
			target = 020380CD2176FE3C00891103 /* TMCategory */;
			targetProxy = 020380EE2176FE3D00891103 /* PBXContainerItemProxy */;
		};
/* End PBXTargetDependency section */

/* Begin PBXVariantGroup section */
		020380D52176FE3C00891103 /* Main.storyboard */ = {
			isa = PBXVariantGroup;
			children = (
				020380D62176FE3C00891103 /* Base */,
			);
			name = Main.storyboard;
			sourceTree = "<group>";
		};
		020380DA2176FE3D00891103 /* LaunchScreen.storyboard */ = {
			isa = PBXVariantGroup;
			children = (
				020380DB2176FE3D00891103 /* Base */,
			);
			name = LaunchScreen.storyboard;
			sourceTree = "<group>";
		};
/* End PBXVariantGroup section */

/* Begin XCBuildConfiguration section */
		020380F42176FE3D00891103 /* Debug */ = {
			isa = XCBuildConfiguration;
			buildSettings = {
				ALWAYS_SEARCH_USER_PATHS = NO;
				CLANG_ANALYZER_NONNULL = YES;
				CLANG_ANALYZER_NUMBER_OBJECT_CONVERSION = YES_AGGRESSIVE;
				CLANG_CXX_LANGUAGE_STANDARD = "gnu++14";
				CLANG_CXX_LIBRARY = "libc++";
				CLANG_ENABLE_MODULES = YES;
				CLANG_ENABLE_OBJC_ARC = YES;
				CLANG_ENABLE_OBJC_WEAK = YES;
				CLANG_WARN_BLOCK_CAPTURE_AUTORELEASING = YES;
				CLANG_WARN_BOOL_CONVERSION = YES;
				CLANG_WARN_COMMA = YES;
				CLANG_WARN_CONSTANT_CONVERSION = YES;
				CLANG_WARN_DEPRECATED_OBJC_IMPLEMENTATIONS = YES;
				CLANG_WARN_DIRECT_OBJC_ISA_USAGE = YES_ERROR;
				CLANG_WARN_DOCUMENTATION_COMMENTS = YES;
				CLANG_WARN_EMPTY_BODY = YES;
				CLANG_WARN_ENUM_CONVERSION = YES;
				CLANG_WARN_INFINITE_RECURSION = YES;
				CLANG_WARN_INT_CONVERSION = YES;
				CLANG_WARN_NON_LITERAL_NULL_CONVERSION = YES;
				CLANG_WARN_OBJC_IMPLICIT_RETAIN_SELF = YES;
				CLANG_WARN_OBJC_LITERAL_CONVERSION = YES;
				CLANG_WARN_OBJC_ROOT_CLASS = YES_ERROR;
				CLANG_WARN_RANGE_LOOP_ANALYSIS = YES;
				CLANG_WARN_STRICT_PROTOTYPES = YES;
				CLANG_WARN_SUSPICIOUS_MOVE = YES;
				CLANG_WARN_UNGUARDED_AVAILABILITY = YES_AGGRESSIVE;
				CLANG_WARN_UNREACHABLE_CODE = YES;
				CLANG_WARN__DUPLICATE_METHOD_MATCH = YES;
				CODE_SIGN_IDENTITY = "iPhone Developer";
				COPY_PHASE_STRIP = NO;
				DEBUG_INFORMATION_FORMAT = dwarf;
				ENABLE_STRICT_OBJC_MSGSEND = YES;
				ENABLE_TESTABILITY = YES;
				GCC_C_LANGUAGE_STANDARD = gnu11;
				GCC_DYNAMIC_NO_PIC = NO;
				GCC_NO_COMMON_BLOCKS = YES;
				GCC_OPTIMIZATION_LEVEL = 0;
				GCC_PREPROCESSOR_DEFINITIONS = (
					"DEBUG=1",
					"$(inherited)",
				);
				GCC_WARN_64_TO_32_BIT_CONVERSION = YES;
				GCC_WARN_ABOUT_RETURN_TYPE = YES_ERROR;
				GCC_WARN_UNDECLARED_SELECTOR = YES;
				GCC_WARN_UNINITIALIZED_AUTOS = YES_AGGRESSIVE;
				GCC_WARN_UNUSED_FUNCTION = YES;
				GCC_WARN_UNUSED_VARIABLE = YES;
				IPHONEOS_DEPLOYMENT_TARGET = 11.0;
				MTL_ENABLE_DEBUG_INFO = INCLUDE_SOURCE;
				MTL_FAST_MATH = YES;
				ONLY_ACTIVE_ARCH = YES;
				SDKROOT = iphoneos;
				SWIFT_ACTIVE_COMPILATION_CONDITIONS = DEBUG;
				SWIFT_OPTIMIZATION_LEVEL = "-Onone";
				SWIFT_VERSION = 4.0;
			};
			name = Debug;
		};
		020380F52176FE3D00891103 /* Release */ = {
			isa = XCBuildConfiguration;
			buildSettings = {
				ALWAYS_SEARCH_USER_PATHS = NO;
				CLANG_ANALYZER_NONNULL = YES;
				CLANG_ANALYZER_NUMBER_OBJECT_CONVERSION = YES_AGGRESSIVE;
				CLANG_CXX_LANGUAGE_STANDARD = "gnu++14";
				CLANG_CXX_LIBRARY = "libc++";
				CLANG_ENABLE_MODULES = YES;
				CLANG_ENABLE_OBJC_ARC = YES;
				CLANG_ENABLE_OBJC_WEAK = YES;
				CLANG_WARN_BLOCK_CAPTURE_AUTORELEASING = YES;
				CLANG_WARN_BOOL_CONVERSION = YES;
				CLANG_WARN_COMMA = YES;
				CLANG_WARN_CONSTANT_CONVERSION = YES;
				CLANG_WARN_DEPRECATED_OBJC_IMPLEMENTATIONS = YES;
				CLANG_WARN_DIRECT_OBJC_ISA_USAGE = YES_ERROR;
				CLANG_WARN_DOCUMENTATION_COMMENTS = YES;
				CLANG_WARN_EMPTY_BODY = YES;
				CLANG_WARN_ENUM_CONVERSION = YES;
				CLANG_WARN_INFINITE_RECURSION = YES;
				CLANG_WARN_INT_CONVERSION = YES;
				CLANG_WARN_NON_LITERAL_NULL_CONVERSION = YES;
				CLANG_WARN_OBJC_IMPLICIT_RETAIN_SELF = YES;
				CLANG_WARN_OBJC_LITERAL_CONVERSION = YES;
				CLANG_WARN_OBJC_ROOT_CLASS = YES_ERROR;
				CLANG_WARN_RANGE_LOOP_ANALYSIS = YES;
				CLANG_WARN_STRICT_PROTOTYPES = YES;
				CLANG_WARN_SUSPICIOUS_MOVE = YES;
				CLANG_WARN_UNGUARDED_AVAILABILITY = YES_AGGRESSIVE;
				CLANG_WARN_UNREACHABLE_CODE = YES;
				CLANG_WARN__DUPLICATE_METHOD_MATCH = YES;
				CODE_SIGN_IDENTITY = "iPhone Developer";
				COPY_PHASE_STRIP = NO;
				DEBUG_INFORMATION_FORMAT = "dwarf-with-dsym";
				ENABLE_NS_ASSERTIONS = NO;
				ENABLE_STRICT_OBJC_MSGSEND = YES;
				GCC_C_LANGUAGE_STANDARD = gnu11;
				GCC_NO_COMMON_BLOCKS = YES;
				GCC_WARN_64_TO_32_BIT_CONVERSION = YES;
				GCC_WARN_ABOUT_RETURN_TYPE = YES_ERROR;
				GCC_WARN_UNDECLARED_SELECTOR = YES;
				GCC_WARN_UNINITIALIZED_AUTOS = YES_AGGRESSIVE;
				GCC_WARN_UNUSED_FUNCTION = YES;
				GCC_WARN_UNUSED_VARIABLE = YES;
				IPHONEOS_DEPLOYMENT_TARGET = 11.0;
				MTL_ENABLE_DEBUG_INFO = NO;
				MTL_FAST_MATH = YES;
				SDKROOT = iphoneos;
				SWIFT_COMPILATION_MODE = wholemodule;
				SWIFT_OPTIMIZATION_LEVEL = "-O";
				SWIFT_VERSION = 4.0;
				VALIDATE_PRODUCT = YES;
			};
			name = Release;
		};
		020380F72176FE3D00891103 /* Debug */ = {
			isa = XCBuildConfiguration;
			baseConfigurationReference = ADB527ED451C71ADCAADEBCA /* Pods-TMCategory.debug.xcconfig */;
			buildSettings = {
				ASSETCATALOG_COMPILER_APPICON_NAME = AppIcon;
				CODE_SIGN_STYLE = Automatic;
				DEVELOPMENT_TEAM = QS92QDAJH6;
				INFOPLIST_FILE = TMCategory/Info.plist;
				LD_RUNPATH_SEARCH_PATHS = (
					"$(inherited)",
					"@executable_path/Frameworks",
				);
				PRODUCT_BUNDLE_IDENTIFIER = DevWithLove.com.TMCategory;
				PRODUCT_NAME = "$(TARGET_NAME)";
				SWIFT_VERSION = 4.0;
				TARGETED_DEVICE_FAMILY = "1,2";
			};
			name = Debug;
		};
		020380F82176FE3D00891103 /* Release */ = {
			isa = XCBuildConfiguration;
			baseConfigurationReference = EEA8270D90D404AB58A2EE8C /* Pods-TMCategory.release.xcconfig */;
			buildSettings = {
				ASSETCATALOG_COMPILER_APPICON_NAME = AppIcon;
				CODE_SIGN_STYLE = Automatic;
				DEVELOPMENT_TEAM = QS92QDAJH6;
				INFOPLIST_FILE = TMCategory/Info.plist;
				LD_RUNPATH_SEARCH_PATHS = (
					"$(inherited)",
					"@executable_path/Frameworks",
				);
				PRODUCT_BUNDLE_IDENTIFIER = DevWithLove.com.TMCategory;
				PRODUCT_NAME = "$(TARGET_NAME)";
				SWIFT_VERSION = 4.0;
				TARGETED_DEVICE_FAMILY = "1,2";
			};
			name = Release;
		};
		020380FA2176FE3D00891103 /* Debug */ = {
			isa = XCBuildConfiguration;
			baseConfigurationReference = 03885F6251D3A757C9489BCF /* Pods-TMCategoryTests.debug.xcconfig */;
			buildSettings = {
				ALWAYS_EMBED_SWIFT_STANDARD_LIBRARIES = YES;
				BUNDLE_LOADER = "$(TEST_HOST)";
				CODE_SIGN_STYLE = Automatic;
				INFOPLIST_FILE = TMCategoryTests/Info.plist;
				LD_RUNPATH_SEARCH_PATHS = (
					"$(inherited)",
					"@executable_path/Frameworks",
					"@loader_path/Frameworks",
				);
				PRODUCT_BUNDLE_IDENTIFIER = DevWithLove.com.TMCategoryTests;
				PRODUCT_NAME = "$(TARGET_NAME)";
				SWIFT_VERSION = 4.0;
				TARGETED_DEVICE_FAMILY = "1,2";
				TEST_HOST = "$(BUILT_PRODUCTS_DIR)/TMCategory.app/TMCategory";
			};
			name = Debug;
		};
		020380FB2176FE3D00891103 /* Release */ = {
			isa = XCBuildConfiguration;
			baseConfigurationReference = 8B9D56DF55EF2C8326540BBF /* Pods-TMCategoryTests.release.xcconfig */;
			buildSettings = {
				ALWAYS_EMBED_SWIFT_STANDARD_LIBRARIES = YES;
				BUNDLE_LOADER = "$(TEST_HOST)";
				CODE_SIGN_STYLE = Automatic;
				INFOPLIST_FILE = TMCategoryTests/Info.plist;
				LD_RUNPATH_SEARCH_PATHS = (
					"$(inherited)",
					"@executable_path/Frameworks",
					"@loader_path/Frameworks",
				);
				PRODUCT_BUNDLE_IDENTIFIER = DevWithLove.com.TMCategoryTests;
				PRODUCT_NAME = "$(TARGET_NAME)";
				SWIFT_VERSION = 4.0;
				TARGETED_DEVICE_FAMILY = "1,2";
				TEST_HOST = "$(BUILT_PRODUCTS_DIR)/TMCategory.app/TMCategory";
			};
			name = Release;
		};
		020380FD2176FE3D00891103 /* Debug */ = {
			isa = XCBuildConfiguration;
			baseConfigurationReference = CD4AB612F09C21FF6869563E /* Pods-TMCategoryUITests.debug.xcconfig */;
			buildSettings = {
				ALWAYS_EMBED_SWIFT_STANDARD_LIBRARIES = YES;
				CODE_SIGN_STYLE = Automatic;
				INFOPLIST_FILE = TMCategoryUITests/Info.plist;
				LD_RUNPATH_SEARCH_PATHS = (
					"$(inherited)",
					"@executable_path/Frameworks",
					"@loader_path/Frameworks",
				);
				PRODUCT_BUNDLE_IDENTIFIER = DevWithLove.com.TMCategoryUITests;
				PRODUCT_NAME = "$(TARGET_NAME)";
				SWIFT_VERSION = 4.0;
				TARGETED_DEVICE_FAMILY = "1,2";
				TEST_TARGET_NAME = TMCategory;
			};
			name = Debug;
		};
		020380FE2176FE3D00891103 /* Release */ = {
			isa = XCBuildConfiguration;
			baseConfigurationReference = 01BBA55B683E3F437DC7FD17 /* Pods-TMCategoryUITests.release.xcconfig */;
			buildSettings = {
				ALWAYS_EMBED_SWIFT_STANDARD_LIBRARIES = YES;
				CODE_SIGN_STYLE = Automatic;
				INFOPLIST_FILE = TMCategoryUITests/Info.plist;
				LD_RUNPATH_SEARCH_PATHS = (
					"$(inherited)",
					"@executable_path/Frameworks",
					"@loader_path/Frameworks",
				);
				PRODUCT_BUNDLE_IDENTIFIER = DevWithLove.com.TMCategoryUITests;
				PRODUCT_NAME = "$(TARGET_NAME)";
				SWIFT_VERSION = 4.0;
				TARGETED_DEVICE_FAMILY = "1,2";
				TEST_TARGET_NAME = TMCategory;
			};
			name = Release;
		};
/* End XCBuildConfiguration section */

/* Begin XCConfigurationList section */
		020380C92176FE3C00891103 /* Build configuration list for PBXProject "TMCategory" */ = {
			isa = XCConfigurationList;
			buildConfigurations = (
				020380F42176FE3D00891103 /* Debug */,
				020380F52176FE3D00891103 /* Release */,
			);
			defaultConfigurationIsVisible = 0;
			defaultConfigurationName = Release;
		};
		020380F62176FE3D00891103 /* Build configuration list for PBXNativeTarget "TMCategory" */ = {
			isa = XCConfigurationList;
			buildConfigurations = (
				020380F72176FE3D00891103 /* Debug */,
				020380F82176FE3D00891103 /* Release */,
			);
			defaultConfigurationIsVisible = 0;
			defaultConfigurationName = Release;
		};
		020380F92176FE3D00891103 /* Build configuration list for PBXNativeTarget "TMCategoryTests" */ = {
			isa = XCConfigurationList;
			buildConfigurations = (
				020380FA2176FE3D00891103 /* Debug */,
				020380FB2176FE3D00891103 /* Release */,
			);
			defaultConfigurationIsVisible = 0;
			defaultConfigurationName = Release;
		};
		020380FC2176FE3D00891103 /* Build configuration list for PBXNativeTarget "TMCategoryUITests" */ = {
			isa = XCConfigurationList;
			buildConfigurations = (
				020380FD2176FE3D00891103 /* Debug */,
				020380FE2176FE3D00891103 /* Release */,
			);
			defaultConfigurationIsVisible = 0;
			defaultConfigurationName = Release;
		};
/* End XCConfigurationList section */
	};
	rootObject = 020380C62176FE3C00891103 /* Project object */;
}
